
Microsoft Visual Studio Solution File, Format Version 12.00
# Visual Studio Version 17
VisualStudioVersion = 17.10.35013.160
MinimumVisualStudioVersion = 10.0.40219.1
Project("{9A19103F-16F7-4668-BE54-9A1E7A4F7556}") = "BabyTravel.UI.Client", "src\BabyTravel.UI.Client\BabyTravel.UI.Client.csproj", "{6E9DB2FC-D614-47BA-82E0-B522B840CE03}"
EndProject
Project("{9A19103F-16F7-4668-BE54-9A1E7A4F7556}") = "BabyTravel.Api", "src\BabyTravel.Api\BabyTravel.Api.csproj", "{EB0834FE-0EBE-4414-A8A2-AB4589830051}"
EndProject
Project("{9A19103F-16F7-4668-BE54-9A1E7A4F7556}") = "BabyTravel.Api.Models", "src\BabyTravel.Api.Models\BabyTravel.Api.Models.csproj", "{1C742E6E-2940-4BF6-A033-A927047BE5CE}"
EndProject
Project("{2150E333-8FDC-42A3-9474-1A3956D46DE8}") = "src", "src", "{7A36A855-86D3-4723-93E2-5A22EFD2C3CA}"
EndProject
Project("{2150E333-8FDC-42A3-9474-1A3956D46DE8}") = "tests", "tests", "{4B591653-CC4A-47C7-8373-5523F09377FD}"
EndProject
Project("{9A19103F-16F7-4668-BE54-9A1E7A4F7556}") = "BabyTravel.Calculator", "src\BabyTravel.Calculator\BabyTravel.Calculator.csproj", "{7BBB3619-D3AE-4079-B3CE-511B9007D499}"
EndProject
Project("{9A19103F-16F7-4668-BE54-9A1E7A4F7556}") = "BabyTravel.Utilities", "src\BabyTravel.Utilities\BabyTravel.Utilities.csproj", "{C523A992-33A3-4658-8F8C-6D730030CAA7}"
EndProject
Project("{9A19103F-16F7-4668-BE54-9A1E7A4F7556}") = "BabyTravel.Constants", "src\BabyTravel.Constants\BabyTravel.Constants.csproj", "{E52F7916-665D-44D4-ABA3-5BBD365B8456}"
EndProject
Project("{9A19103F-16F7-4668-BE54-9A1E7A4F7556}") = "BabyTravel.Calculator.Models", "src\BabyTravel.Calculator.Models\BabyTravel.Calculator.Models.csproj", "{5590818E-F303-4BD2-B9C3-B9D31A7D8B6F}"
EndProject
Project("{9A19103F-16F7-4668-BE54-9A1E7A4F7556}") = "BabyTravel.Api.Client", "src\BabyTravel.Api.Client\BabyTravel.Api.Client.csproj", "{478533DC-E013-4163-BA56-06CFD771112B}"
EndProject
Project("{9A19103F-16F7-4668-BE54-9A1E7A4F7556}") = "BabyTravel.Api.Exceptions", "src\BabyTravel.Api.Exceptions\BabyTravel.Api.Exceptions.csproj", "{73B8C7BF-4F4A-4BCA-946D-9CCBAD6E255D}"
EndProject
Project("{9A19103F-16F7-4668-BE54-9A1E7A4F7556}") = "BabyTravel.UI.Client.Models", "src\BabyTravel.UI.Client.Models\BabyTravel.UI.Client.Models.csproj", "{CB3481FD-AAC1-415A-9CAF-03549612A289}"
EndProject
Project("{9A19103F-16F7-4668-BE54-9A1E7A4F7556}") = "BabyTravel.Data", "src\BabyTravel.Data\BabyTravel.Data.csproj", "{378F3326-2766-4D89-99DC-F18AE5CA1122}"
EndProject
Project("{9A19103F-16F7-4668-BE54-9A1E7A4F7556}") = "BabyTravel.Data.Models", "src\BabyTravel.Data.Models\BabyTravel.Data.Models.csproj", "{7A12D460-C797-46A0-9E3D-D870B0DC2740}"
EndProject
Project("{9A19103F-16F7-4668-BE54-9A1E7A4F7556}") = "BabyTravel.Api.MappingProfiles", "src\BabyTravel.Api.MappingProfiles\BabyTravel.Api.MappingProfiles.csproj", "{8205934F-5C9B-454A-80EC-11D7553E71BD}"
EndProject
Project("{9A19103F-16F7-4668-BE54-9A1E7A4F7556}") = "BabyTravel.Api.Tests", "tests\BabyTravel.Api.Tests\BabyTravel.Api.Tests.csproj", "{4446E86C-F5C2-4AE3-8216-A384F95FD8B3}"
EndProject
Project("{9A19103F-16F7-4668-BE54-9A1E7A4F7556}") = "BabyTravel.Calculator.Tests", "tests\BabyTravel.Calculator.Tests\BabyTravel.Calculator.Tests.csproj", "{5B94C068-FE3A-4D81-92A0-1AC86D377490}"
EndProject
Project("{9A19103F-16F7-4668-BE54-9A1E7A4F7556}") = "BabyTravel.Calculator.Models.Tests", "tests\BabyTravel.Calculator.Models.Tests\BabyTravel.Calculator.Models.Tests.csproj", "{E7104F2D-D29B-47F7-ADCF-7FE40551EAE7}"
EndProject
Project("{9A19103F-16F7-4668-BE54-9A1E7A4F7556}") = "BabyTravel.Utilities.Tests", "tests\BabyTravel.Utilities.Tests\BabyTravel.Utilities.Tests.csproj", "{CF84BB74-8695-4BF1-8D5A-AF7A68608D7E}"
EndProject
Project("{9A19103F-16F7-4668-BE54-9A1E7A4F7556}") = "BabyTravel.Test.Utilities", "tests\BabyTravel.Test.Utilities\BabyTravel.Test.Utilities.csproj", "{E1EC038E-9F94-44FA-BC6E-06E2940B4E15}"
EndProject
Project("{9A19103F-16F7-4668-BE54-9A1E7A4F7556}") = "BabyTravel.UI.Client.Tests", "tests\BabyTravel.UI.Client.Tests\BabyTravel.UI.Client.Tests.csproj", "{7FB3608F-6A2B-454F-BB95-6AC97A336C19}"
EndProject
Global
	GlobalSection(SolutionConfigurationPlatforms) = preSolution
		Debug|Any CPU = Debug|Any CPU
		Release|Any CPU = Release|Any CPU
	EndGlobalSection
	GlobalSection(ProjectConfigurationPlatforms) = postSolution
		{6E9DB2FC-D614-47BA-82E0-B522B840CE03}.Debug|Any CPU.ActiveCfg = Debug|Any CPU
		{6E9DB2FC-D614-47BA-82E0-B522B840CE03}.Debug|Any CPU.Build.0 = Debug|Any CPU
		{6E9DB2FC-D614-47BA-82E0-B522B840CE03}.Release|Any CPU.ActiveCfg = Release|Any CPU
		{6E9DB2FC-D614-47BA-82E0-B522B840CE03}.Release|Any CPU.Build.0 = Release|Any CPU
		{EB0834FE-0EBE-4414-A8A2-AB4589830051}.Debug|Any CPU.ActiveCfg = Debug|Any CPU
		{EB0834FE-0EBE-4414-A8A2-AB4589830051}.Debug|Any CPU.Build.0 = Debug|Any CPU
		{EB0834FE-0EBE-4414-A8A2-AB4589830051}.Release|Any CPU.ActiveCfg = Release|Any CPU
		{EB0834FE-0EBE-4414-A8A2-AB4589830051}.Release|Any CPU.Build.0 = Release|Any CPU
		{1C742E6E-2940-4BF6-A033-A927047BE5CE}.Debug|Any CPU.ActiveCfg = Debug|Any CPU
		{1C742E6E-2940-4BF6-A033-A927047BE5CE}.Debug|Any CPU.Build.0 = Debug|Any CPU
		{1C742E6E-2940-4BF6-A033-A927047BE5CE}.Release|Any CPU.ActiveCfg = Release|Any CPU
		{1C742E6E-2940-4BF6-A033-A927047BE5CE}.Release|Any CPU.Build.0 = Release|Any CPU
		{7BBB3619-D3AE-4079-B3CE-511B9007D499}.Debug|Any CPU.ActiveCfg = Debug|Any CPU
		{7BBB3619-D3AE-4079-B3CE-511B9007D499}.Debug|Any CPU.Build.0 = Debug|Any CPU
		{7BBB3619-D3AE-4079-B3CE-511B9007D499}.Release|Any CPU.ActiveCfg = Release|Any CPU
		{7BBB3619-D3AE-4079-B3CE-511B9007D499}.Release|Any CPU.Build.0 = Release|Any CPU
		{C523A992-33A3-4658-8F8C-6D730030CAA7}.Debug|Any CPU.ActiveCfg = Debug|Any CPU
		{C523A992-33A3-4658-8F8C-6D730030CAA7}.Debug|Any CPU.Build.0 = Debug|Any CPU
		{C523A992-33A3-4658-8F8C-6D730030CAA7}.Release|Any CPU.ActiveCfg = Release|Any CPU
		{C523A992-33A3-4658-8F8C-6D730030CAA7}.Release|Any CPU.Build.0 = Release|Any CPU
		{E52F7916-665D-44D4-ABA3-5BBD365B8456}.Debug|Any CPU.ActiveCfg = Debug|Any CPU
		{E52F7916-665D-44D4-ABA3-5BBD365B8456}.Debug|Any CPU.Build.0 = Debug|Any CPU
		{E52F7916-665D-44D4-ABA3-5BBD365B8456}.Release|Any CPU.ActiveCfg = Release|Any CPU
		{E52F7916-665D-44D4-ABA3-5BBD365B8456}.Release|Any CPU.Build.0 = Release|Any CPU
		{5590818E-F303-4BD2-B9C3-B9D31A7D8B6F}.Debug|Any CPU.ActiveCfg = Debug|Any CPU
		{5590818E-F303-4BD2-B9C3-B9D31A7D8B6F}.Debug|Any CPU.Build.0 = Debug|Any CPU
		{5590818E-F303-4BD2-B9C3-B9D31A7D8B6F}.Release|Any CPU.ActiveCfg = Release|Any CPU
		{5590818E-F303-4BD2-B9C3-B9D31A7D8B6F}.Release|Any CPU.Build.0 = Release|Any CPU
		{478533DC-E013-4163-BA56-06CFD771112B}.Debug|Any CPU.ActiveCfg = Debug|Any CPU
		{478533DC-E013-4163-BA56-06CFD771112B}.Debug|Any CPU.Build.0 = Debug|Any CPU
		{478533DC-E013-4163-BA56-06CFD771112B}.Release|Any CPU.ActiveCfg = Release|Any CPU
		{478533DC-E013-4163-BA56-06CFD771112B}.Release|Any CPU.Build.0 = Release|Any CPU
		{73B8C7BF-4F4A-4BCA-946D-9CCBAD6E255D}.Debug|Any CPU.ActiveCfg = Debug|Any CPU
		{73B8C7BF-4F4A-4BCA-946D-9CCBAD6E255D}.Debug|Any CPU.Build.0 = Debug|Any CPU
		{73B8C7BF-4F4A-4BCA-946D-9CCBAD6E255D}.Release|Any CPU.ActiveCfg = Release|Any CPU
		{73B8C7BF-4F4A-4BCA-946D-9CCBAD6E255D}.Release|Any CPU.Build.0 = Release|Any CPU
		{CB3481FD-AAC1-415A-9CAF-03549612A289}.Debug|Any CPU.ActiveCfg = Debug|Any CPU
		{CB3481FD-AAC1-415A-9CAF-03549612A289}.Debug|Any CPU.Build.0 = Debug|Any CPU
		{CB3481FD-AAC1-415A-9CAF-03549612A289}.Release|Any CPU.ActiveCfg = Release|Any CPU
		{CB3481FD-AAC1-415A-9CAF-03549612A289}.Release|Any CPU.Build.0 = Release|Any CPU
		{378F3326-2766-4D89-99DC-F18AE5CA1122}.Debug|Any CPU.ActiveCfg = Debug|Any CPU
		{378F3326-2766-4D89-99DC-F18AE5CA1122}.Debug|Any CPU.Build.0 = Debug|Any CPU
		{378F3326-2766-4D89-99DC-F18AE5CA1122}.Release|Any CPU.ActiveCfg = Release|Any CPU
		{378F3326-2766-4D89-99DC-F18AE5CA1122}.Release|Any CPU.Build.0 = Release|Any CPU
		{7A12D460-C797-46A0-9E3D-D870B0DC2740}.Debug|Any CPU.ActiveCfg = Debug|Any CPU
		{7A12D460-C797-46A0-9E3D-D870B0DC2740}.Debug|Any CPU.Build.0 = Debug|Any CPU
		{7A12D460-C797-46A0-9E3D-D870B0DC2740}.Release|Any CPU.ActiveCfg = Release|Any CPU
		{7A12D460-C797-46A0-9E3D-D870B0DC2740}.Release|Any CPU.Build.0 = Release|Any CPU
		{8205934F-5C9B-454A-80EC-11D7553E71BD}.Debug|Any CPU.ActiveCfg = Debug|Any CPU
		{8205934F-5C9B-454A-80EC-11D7553E71BD}.Debug|Any CPU.Build.0 = Debug|Any CPU
		{8205934F-5C9B-454A-80EC-11D7553E71BD}.Release|Any CPU.ActiveCfg = Release|Any CPU
		{8205934F-5C9B-454A-80EC-11D7553E71BD}.Release|Any CPU.Build.0 = Release|Any CPU
		{4446E86C-F5C2-4AE3-8216-A384F95FD8B3}.Debug|Any CPU.ActiveCfg = Debug|Any CPU
		{4446E86C-F5C2-4AE3-8216-A384F95FD8B3}.Debug|Any CPU.Build.0 = Debug|Any CPU
		{4446E86C-F5C2-4AE3-8216-A384F95FD8B3}.Release|Any CPU.ActiveCfg = Release|Any CPU
		{4446E86C-F5C2-4AE3-8216-A384F95FD8B3}.Release|Any CPU.Build.0 = Release|Any CPU
		{5B94C068-FE3A-4D81-92A0-1AC86D377490}.Debug|Any CPU.ActiveCfg = Debug|Any CPU
		{5B94C068-FE3A-4D81-92A0-1AC86D377490}.Debug|Any CPU.Build.0 = Debug|Any CPU
		{5B94C068-FE3A-4D81-92A0-1AC86D377490}.Release|Any CPU.ActiveCfg = Release|Any CPU
		{5B94C068-FE3A-4D81-92A0-1AC86D377490}.Release|Any CPU.Build.0 = Release|Any CPU
		{E7104F2D-D29B-47F7-ADCF-7FE40551EAE7}.Debug|Any CPU.ActiveCfg = Debug|Any CPU
		{E7104F2D-D29B-47F7-ADCF-7FE40551EAE7}.Debug|Any CPU.Build.0 = Debug|Any CPU
		{E7104F2D-D29B-47F7-ADCF-7FE40551EAE7}.Release|Any CPU.ActiveCfg = Release|Any CPU
		{E7104F2D-D29B-47F7-ADCF-7FE40551EAE7}.Release|Any CPU.Build.0 = Release|Any CPU
		{CF84BB74-8695-4BF1-8D5A-AF7A68608D7E}.Debug|Any CPU.ActiveCfg = Debug|Any CPU
		{CF84BB74-8695-4BF1-8D5A-AF7A68608D7E}.Debug|Any CPU.Build.0 = Debug|Any CPU
		{CF84BB74-8695-4BF1-8D5A-AF7A68608D7E}.Release|Any CPU.ActiveCfg = Release|Any CPU
		{CF84BB74-8695-4BF1-8D5A-AF7A68608D7E}.Release|Any CPU.Build.0 = Release|Any CPU
		{E1EC038E-9F94-44FA-BC6E-06E2940B4E15}.Debug|Any CPU.ActiveCfg = Debug|Any CPU
		{E1EC038E-9F94-44FA-BC6E-06E2940B4E15}.Debug|Any CPU.Build.0 = Debug|Any CPU
		{E1EC038E-9F94-44FA-BC6E-06E2940B4E15}.Release|Any CPU.ActiveCfg = Release|Any CPU
		{E1EC038E-9F94-44FA-BC6E-06E2940B4E15}.Release|Any CPU.Build.0 = Release|Any CPU
		{7FB3608F-6A2B-454F-BB95-6AC97A336C19}.Debug|Any CPU.ActiveCfg = Debug|Any CPU
		{7FB3608F-6A2B-454F-BB95-6AC97A336C19}.Debug|Any CPU.Build.0 = Debug|Any CPU
		{7FB3608F-6A2B-454F-BB95-6AC97A336C19}.Release|Any CPU.ActiveCfg = Release|Any CPU
		{7FB3608F-6A2B-454F-BB95-6AC97A336C19}.Release|Any CPU.Build.0 = Release|Any CPU
	EndGlobalSection
	GlobalSection(SolutionProperties) = preSolution
		HideSolutionNode = FALSE
	EndGlobalSection
	GlobalSection(NestedProjects) = preSolution
		{6E9DB2FC-D614-47BA-82E0-B522B840CE03} = {7A36A855-86D3-4723-93E2-5A22EFD2C3CA}
		{EB0834FE-0EBE-4414-A8A2-AB4589830051} = {7A36A855-86D3-4723-93E2-5A22EFD2C3CA}
		{1C742E6E-2940-4BF6-A033-A927047BE5CE} = {7A36A855-86D3-4723-93E2-5A22EFD2C3CA}
		{7BBB3619-D3AE-4079-B3CE-511B9007D499} = {7A36A855-86D3-4723-93E2-5A22EFD2C3CA}
		{C523A992-33A3-4658-8F8C-6D730030CAA7} = {7A36A855-86D3-4723-93E2-5A22EFD2C3CA}
		{E52F7916-665D-44D4-ABA3-5BBD365B8456} = {7A36A855-86D3-4723-93E2-5A22EFD2C3CA}
		{5590818E-F303-4BD2-B9C3-B9D31A7D8B6F} = {7A36A855-86D3-4723-93E2-5A22EFD2C3CA}
		{478533DC-E013-4163-BA56-06CFD771112B} = {7A36A855-86D3-4723-93E2-5A22EFD2C3CA}
		{73B8C7BF-4F4A-4BCA-946D-9CCBAD6E255D} = {7A36A855-86D3-4723-93E2-5A22EFD2C3CA}
		{CB3481FD-AAC1-415A-9CAF-03549612A289} = {7A36A855-86D3-4723-93E2-5A22EFD2C3CA}
		{378F3326-2766-4D89-99DC-F18AE5CA1122} = {7A36A855-86D3-4723-93E2-5A22EFD2C3CA}
		{7A12D460-C797-46A0-9E3D-D870B0DC2740} = {7A36A855-86D3-4723-93E2-5A22EFD2C3CA}
		{8205934F-5C9B-454A-80EC-11D7553E71BD} = {7A36A855-86D3-4723-93E2-5A22EFD2C3CA}
		{4446E86C-F5C2-4AE3-8216-A384F95FD8B3} = {4B591653-CC4A-47C7-8373-5523F09377FD}
		{5B94C068-FE3A-4D81-92A0-1AC86D377490} = {4B591653-CC4A-47C7-8373-5523F09377FD}
		{E7104F2D-D29B-47F7-ADCF-7FE40551EAE7} = {4B591653-CC4A-47C7-8373-5523F09377FD}
		{CF84BB74-8695-4BF1-8D5A-AF7A68608D7E} = {4B591653-CC4A-47C7-8373-5523F09377FD}
		{E1EC038E-9F94-44FA-BC6E-06E2940B4E15} = {4B591653-CC4A-47C7-8373-5523F09377FD}
		{7FB3608F-6A2B-454F-BB95-6AC97A336C19} = {4B591653-CC4A-47C7-8373-5523F09377FD}
	EndGlobalSection
	GlobalSection(ExtensibilityGlobals) = postSolution
		SolutionGuid = {8696272D-F28B-4473-96BE-4EA41BD68F60}
	EndGlobalSection
EndGlobal
